// !$*UTF8*$!
{
	archiveVersion = 1;
	classes = {
	};
	objectVersion = 51;
	objects = {

/* Begin PBXBuildFile section */
		9C08475A21BFC95D0085E0F0 /* RxActivityTracker.swift in Sources */ = {isa = PBXBuildFile; fileRef = 9C08475921BFC95D0085E0F0 /* RxActivityTracker.swift */; };
		9C3BD21721A1E0FB00C0DA17 /* RealmPersistentStorageTests.swift in Sources */ = {isa = PBXBuildFile; fileRef = 9C3BD21621A1E0FB00C0DA17 /* RealmPersistentStorageTests.swift */; };
		9C4A263B2189AF1F009316C1 /* RxBlocking.framework in Frameworks */ = {isa = PBXBuildFile; fileRef = 9C4DE3A621886A5700EBD16F /* RxBlocking.framework */; };
		9C4A263C2189AF1F009316C1 /* RxSwift.framework in Frameworks */ = {isa = PBXBuildFile; fileRef = 9C4DE3A721886A5700EBD16F /* RxSwift.framework */; };
		9C4A263D2189AF1F009316C1 /* RxTest.framework in Frameworks */ = {isa = PBXBuildFile; fileRef = 9C4DE3A321886A5700EBD16F /* RxTest.framework */; };
		9C4A263F2189B46A009316C1 /* posts.json in Resources */ = {isa = PBXBuildFile; fileRef = 9C4A263E2189B46A009316C1 /* posts.json */; };
		9C4A26422189B498009316C1 /* helpers.swift in Sources */ = {isa = PBXBuildFile; fileRef = 9C4A26412189B498009316C1 /* helpers.swift */; };
		9C4A26442189B82A009316C1 /* comments.json in Resources */ = {isa = PBXBuildFile; fileRef = 9C4A26432189B82A009316C1 /* comments.json */; };
		9C4A264A2189B9A0009316C1 /* users.json in Resources */ = {isa = PBXBuildFile; fileRef = 9C4A26492189B9A0009316C1 /* users.json */; };
		9C4A264C218AEEE9009316C1 /* PostListViewController.swift in Sources */ = {isa = PBXBuildFile; fileRef = 9C4A264B218AEEE9009316C1 /* PostListViewController.swift */; };
		9C4A2650218AEF22009316C1 /* PostListViewModel.swift in Sources */ = {isa = PBXBuildFile; fileRef = 9C4A264F218AEF22009316C1 /* PostListViewModel.swift */; };
		9C4A2652218AEF3B009316C1 /* PostList.storyboard in Resources */ = {isa = PBXBuildFile; fileRef = 9C4A2651218AEF3B009316C1 /* PostList.storyboard */; };
		9C4A2654218AEF72009316C1 /* PostDetailViewController.swift in Sources */ = {isa = PBXBuildFile; fileRef = 9C4A2653218AEF72009316C1 /* PostDetailViewController.swift */; };
		9C4A2656218AEF7A009316C1 /* PostDetailViewModel.swift in Sources */ = {isa = PBXBuildFile; fileRef = 9C4A2655218AEF7A009316C1 /* PostDetailViewModel.swift */; };
		9C4A2658218AEF83009316C1 /* PostDetail.storyboard in Resources */ = {isa = PBXBuildFile; fileRef = 9C4A2657218AEF83009316C1 /* PostDetail.storyboard */; };
		9C4A266B218AF387009316C1 /* MainFlowCoordinator.swift in Sources */ = {isa = PBXBuildFile; fileRef = 9C4A266A218AF387009316C1 /* MainFlowCoordinator.swift */; };
		9C4A2670218AF555009316C1 /* Assets.swift in Sources */ = {isa = PBXBuildFile; fileRef = 9C4A266C218AF4DC009316C1 /* Assets.swift */; };
		9C4A2671218AF555009316C1 /* Storyboard Scenes.swift in Sources */ = {isa = PBXBuildFile; fileRef = 9C4A266D218AF4DC009316C1 /* Storyboard Scenes.swift */; };
		9C4A2672218AF555009316C1 /* Storyboard Segues.swift in Sources */ = {isa = PBXBuildFile; fileRef = 9C4A266E218AF4DC009316C1 /* Storyboard Segues.swift */; };
		9C4A2674218AFBA2009316C1 /* Dependencies.swift in Sources */ = {isa = PBXBuildFile; fileRef = 9C4A2673218AFBA2009316C1 /* Dependencies.swift */; };
		9C4A2678218AFDEC009316C1 /* PostTableViewCell.swift in Sources */ = {isa = PBXBuildFile; fileRef = 9C4A2676218AFDEC009316C1 /* PostTableViewCell.swift */; };
		9C4A2679218AFDEC009316C1 /* PostTableViewCell.xib in Resources */ = {isa = PBXBuildFile; fileRef = 9C4A2677218AFDEC009316C1 /* PostTableViewCell.xib */; };
		9C4A267C218B002E009316C1 /* PostTableViewCellModel.swift in Sources */ = {isa = PBXBuildFile; fileRef = 9C4A267B218B002E009316C1 /* PostTableViewCellModel.swift */; };
		9C4A267E218B2716009316C1 /* UIView+nibLoading.swift in Sources */ = {isa = PBXBuildFile; fileRef = 9C4A267D218B2716009316C1 /* UIView+nibLoading.swift */; };
		9C4A2680218B281A009316C1 /* UIView+fullSizeConstraints.swift in Sources */ = {isa = PBXBuildFile; fileRef = 9C4A267F218B281A009316C1 /* UIView+fullSizeConstraints.swift */; };
		9C4A2682218C4D9E009316C1 /* UIAlertController+makeAlert.swift in Sources */ = {isa = PBXBuildFile; fileRef = 9C4A2681218C4D9E009316C1 /* UIAlertController+makeAlert.swift */; };
		9C4A268E21919BF4009316C1 /* MockApiClient.swift in Sources */ = {isa = PBXBuildFile; fileRef = 9C4A268D21919BF4009316C1 /* MockApiClient.swift */; };
		9C4DE367218860A800EBD16F /* AppDelegate.swift in Sources */ = {isa = PBXBuildFile; fileRef = 9C4DE366218860A800EBD16F /* AppDelegate.swift */; };
		9C4DE36E218860A900EBD16F /* Assets.xcassets in Resources */ = {isa = PBXBuildFile; fileRef = 9C4DE36D218860A900EBD16F /* Assets.xcassets */; };
		9C4DE371218860A900EBD16F /* LaunchScreen.storyboard in Resources */ = {isa = PBXBuildFile; fileRef = 9C4DE36F218860A900EBD16F /* LaunchScreen.storyboard */; };
		9C4DE3912188654400EBD16F /* JSONPlaceholderEndpoint.swift in Sources */ = {isa = PBXBuildFile; fileRef = 9C4DE38A2188654400EBD16F /* JSONPlaceholderEndpoint.swift */; };
		9C4DE3922188654400EBD16F /* Networking.swift in Sources */ = {isa = PBXBuildFile; fileRef = 9C4DE38B2188654400EBD16F /* Networking.swift */; };
		9C4DE3932188654400EBD16F /* NetworkingError.swift in Sources */ = {isa = PBXBuildFile; fileRef = 9C4DE38C2188654400EBD16F /* NetworkingError.swift */; };
		9C4DE3962188654400EBD16F /* Typealiases.swift in Sources */ = {isa = PBXBuildFile; fileRef = 9C4DE3902188654400EBD16F /* Typealiases.swift */; };
		9C4DE399218867AB00EBD16F /* Identifier.swift in Sources */ = {isa = PBXBuildFile; fileRef = 9C4DE397218867AA00EBD16F /* Identifier.swift */; };
		9C4DE39A218867AB00EBD16F /* ApiClient.swift in Sources */ = {isa = PBXBuildFile; fileRef = 9C4DE398218867AB00EBD16F /* ApiClient.swift */; };
		9C4DE39D2188683D00EBD16F /* Post.swift in Sources */ = {isa = PBXBuildFile; fileRef = 9C4DE39C2188683D00EBD16F /* Post.swift */; };
		9C4DE39F2188687300EBD16F /* User.swift in Sources */ = {isa = PBXBuildFile; fileRef = 9C4DE39E2188687300EBD16F /* User.swift */; };
		9C4DE3A1218868B400EBD16F /* Comment.swift in Sources */ = {isa = PBXBuildFile; fileRef = 9C4DE3A0218868B400EBD16F /* Comment.swift */; };
		9C4DE3AC21886A5800EBD16F /* CodableAlamofire.framework in Frameworks */ = {isa = PBXBuildFile; fileRef = 9C4DE3A421886A5700EBD16F /* CodableAlamofire.framework */; };
		9C4DE3AD21886A5800EBD16F /* Differentiator.framework in Frameworks */ = {isa = PBXBuildFile; fileRef = 9C4DE3A521886A5700EBD16F /* Differentiator.framework */; };
		9C4DE3AF21886A5800EBD16F /* RxSwift.framework in Frameworks */ = {isa = PBXBuildFile; fileRef = 9C4DE3A721886A5700EBD16F /* RxSwift.framework */; };
		9C4DE3B021886A5800EBD16F /* RxDataSources.framework in Frameworks */ = {isa = PBXBuildFile; fileRef = 9C4DE3A821886A5700EBD16F /* RxDataSources.framework */; };
		9C4DE3B121886A5800EBD16F /* Alamofire.framework in Frameworks */ = {isa = PBXBuildFile; fileRef = 9C4DE3A921886A5700EBD16F /* Alamofire.framework */; };
		9C4DE3B221886A5800EBD16F /* RxCocoa.framework in Frameworks */ = {isa = PBXBuildFile; fileRef = 9C4DE3AA21886A5800EBD16F /* RxCocoa.framework */; };
		9C4DE3B521886C2D00EBD16F /* PostDecodableTests.swift in Sources */ = {isa = PBXBuildFile; fileRef = 9C4DE3B421886C2D00EBD16F /* PostDecodableTests.swift */; };
		9C4DE3B721886C7100EBD16F /* UserDecodableTests.swift in Sources */ = {isa = PBXBuildFile; fileRef = 9C4DE3B621886C7100EBD16F /* UserDecodableTests.swift */; };
		9C4DE3B921886C7E00EBD16F /* CommentDecodableTests.swift in Sources */ = {isa = PBXBuildFile; fileRef = 9C4DE3B821886C7E00EBD16F /* CommentDecodableTests.swift */; };
		9C4DE3BB2189A7CD00EBD16F /* ApiClientIntegrationTests.swift in Sources */ = {isa = PBXBuildFile; fileRef = 9C4DE3BA2189A7CD00EBD16F /* ApiClientIntegrationTests.swift */; };
		9CC8018F21BF0C13008511CF /* CaptionValueLabelPairView.swift in Sources */ = {isa = PBXBuildFile; fileRef = 9CC8018E21BF0C13008511CF /* CaptionValueLabelPairView.swift */; };
		9CC8019121BF0C6D008511CF /* CaptionValueLabelPairView.xib in Resources */ = {isa = PBXBuildFile; fileRef = 9CC8019021BF0C6D008511CF /* CaptionValueLabelPairView.xib */; };
		9CC8019321BF0E35008511CF /* UIFont+constants.swift in Sources */ = {isa = PBXBuildFile; fileRef = 9CC8019221BF0E35008511CF /* UIFont+constants.swift */; };
		9CE0F75321B5762700C0F057 /* PostObject.swift in Sources */ = {isa = PBXBuildFile; fileRef = 9CE0F75221B5762700C0F057 /* PostObject.swift */; };
		9CE0F75721B5764800C0F057 /* Realm.framework in Frameworks */ = {isa = PBXBuildFile; fileRef = 9CE0F75421B5764800C0F057 /* Realm.framework */; };
		9CE0F75821B5764800C0F057 /* RxRealm.framework in Frameworks */ = {isa = PBXBuildFile; fileRef = 9CE0F75521B5764800C0F057 /* RxRealm.framework */; };
		9CE0F75921B5764800C0F057 /* RealmSwift.framework in Frameworks */ = {isa = PBXBuildFile; fileRef = 9CE0F75621B5764800C0F057 /* RealmSwift.framework */; };
		9CE0F75C21B57CFF00C0F057 /* UserObject.swift in Sources */ = {isa = PBXBuildFile; fileRef = 9CE0F75B21B57CFF00C0F057 /* UserObject.swift */; };
		9CE0F75E21B57DB300C0F057 /* CommentObject.swift in Sources */ = {isa = PBXBuildFile; fileRef = 9CE0F75D21B57DB300C0F057 /* CommentObject.swift */; };
		9CE0F76021B841A300C0F057 /* RealmPersistantStorage.swift in Sources */ = {isa = PBXBuildFile; fileRef = 9CE0F75F21B841A300C0F057 /* RealmPersistantStorage.swift */; };
		9CE0F76221B97AB500C0F057 /* PersistentObjectConvertible.swift in Sources */ = {isa = PBXBuildFile; fileRef = 9CE0F76121B97AB500C0F057 /* PersistentObjectConvertible.swift */; };
		9CE0F76421B97D2000C0F057 /* ItemUpdateable.swift in Sources */ = {isa = PBXBuildFile; fileRef = 9CE0F76321B97D2000C0F057 /* ItemUpdateable.swift */; };
/* End PBXBuildFile section */

/* Begin PBXContainerItemProxy section */
		9C4DE378218860A900EBD16F /* PBXContainerItemProxy */ = {
			isa = PBXContainerItemProxy;
			containerPortal = 9C4DE35B218860A800EBD16F /* Project object */;
			proxyType = 1;
			remoteGlobalIDString = 9C4DE362218860A800EBD16F;
			remoteInfo = BabylonHealth;
		};
/* End PBXContainerItemProxy section */

/* Begin PBXFileReference section */
		9C08475921BFC95D0085E0F0 /* RxActivityTracker.swift */ = {isa = PBXFileReference; lastKnownFileType = sourcecode.swift; path = RxActivityTracker.swift; sourceTree = "<group>"; };
		9C3BD21621A1E0FB00C0DA17 /* RealmPersistentStorageTests.swift */ = {isa = PBXFileReference; lastKnownFileType = sourcecode.swift; path = RealmPersistentStorageTests.swift; sourceTree = "<group>"; };
		9C4A263E2189B46A009316C1 /* posts.json */ = {isa = PBXFileReference; lastKnownFileType = text.json; path = posts.json; sourceTree = "<group>"; };
		9C4A26412189B498009316C1 /* helpers.swift */ = {isa = PBXFileReference; lastKnownFileType = sourcecode.swift; path = helpers.swift; sourceTree = "<group>"; };
		9C4A26432189B82A009316C1 /* comments.json */ = {isa = PBXFileReference; lastKnownFileType = text.json; path = comments.json; sourceTree = "<group>"; };
		9C4A26492189B9A0009316C1 /* users.json */ = {isa = PBXFileReference; lastKnownFileType = text.json; path = users.json; sourceTree = "<group>"; };
		9C4A264B218AEEE9009316C1 /* PostListViewController.swift */ = {isa = PBXFileReference; lastKnownFileType = sourcecode.swift; path = PostListViewController.swift; sourceTree = "<group>"; };
		9C4A264F218AEF22009316C1 /* PostListViewModel.swift */ = {isa = PBXFileReference; lastKnownFileType = sourcecode.swift; path = PostListViewModel.swift; sourceTree = "<group>"; };
		9C4A2651218AEF3B009316C1 /* PostList.storyboard */ = {isa = PBXFileReference; lastKnownFileType = file.storyboard; path = PostList.storyboard; sourceTree = "<group>"; };
		9C4A2653218AEF72009316C1 /* PostDetailViewController.swift */ = {isa = PBXFileReference; lastKnownFileType = sourcecode.swift; path = PostDetailViewController.swift; sourceTree = "<group>"; };
		9C4A2655218AEF7A009316C1 /* PostDetailViewModel.swift */ = {isa = PBXFileReference; lastKnownFileType = sourcecode.swift; path = PostDetailViewModel.swift; sourceTree = "<group>"; };
		9C4A2657218AEF83009316C1 /* PostDetail.storyboard */ = {isa = PBXFileReference; lastKnownFileType = file.storyboard; path = PostDetail.storyboard; sourceTree = "<group>"; };
		9C4A266A218AF387009316C1 /* MainFlowCoordinator.swift */ = {isa = PBXFileReference; lastKnownFileType = sourcecode.swift; path = MainFlowCoordinator.swift; sourceTree = "<group>"; };
		9C4A266C218AF4DC009316C1 /* Assets.swift */ = {isa = PBXFileReference; lastKnownFileType = sourcecode.swift; path = Assets.swift; sourceTree = "<group>"; };
		9C4A266D218AF4DC009316C1 /* Storyboard Scenes.swift */ = {isa = PBXFileReference; lastKnownFileType = sourcecode.swift; path = "Storyboard Scenes.swift"; sourceTree = "<group>"; };
		9C4A266E218AF4DC009316C1 /* Storyboard Segues.swift */ = {isa = PBXFileReference; lastKnownFileType = sourcecode.swift; path = "Storyboard Segues.swift"; sourceTree = "<group>"; };
		9C4A2673218AFBA2009316C1 /* Dependencies.swift */ = {isa = PBXFileReference; lastKnownFileType = sourcecode.swift; path = Dependencies.swift; sourceTree = "<group>"; };
		9C4A2676218AFDEC009316C1 /* PostTableViewCell.swift */ = {isa = PBXFileReference; lastKnownFileType = sourcecode.swift; path = PostTableViewCell.swift; sourceTree = "<group>"; };
		9C4A2677218AFDEC009316C1 /* PostTableViewCell.xib */ = {isa = PBXFileReference; lastKnownFileType = file.xib; path = PostTableViewCell.xib; sourceTree = "<group>"; };
		9C4A267B218B002E009316C1 /* PostTableViewCellModel.swift */ = {isa = PBXFileReference; lastKnownFileType = sourcecode.swift; path = PostTableViewCellModel.swift; sourceTree = "<group>"; };
		9C4A267D218B2716009316C1 /* UIView+nibLoading.swift */ = {isa = PBXFileReference; lastKnownFileType = sourcecode.swift; path = "UIView+nibLoading.swift"; sourceTree = "<group>"; };
		9C4A267F218B281A009316C1 /* UIView+fullSizeConstraints.swift */ = {isa = PBXFileReference; lastKnownFileType = sourcecode.swift; path = "UIView+fullSizeConstraints.swift"; sourceTree = "<group>"; };
		9C4A2681218C4D9E009316C1 /* UIAlertController+makeAlert.swift */ = {isa = PBXFileReference; lastKnownFileType = sourcecode.swift; path = "UIAlertController+makeAlert.swift"; sourceTree = "<group>"; };
		9C4A268D21919BF4009316C1 /* MockApiClient.swift */ = {isa = PBXFileReference; lastKnownFileType = sourcecode.swift; path = MockApiClient.swift; sourceTree = "<group>"; };
		9C4DE363218860A800EBD16F /* BabylonHealth.app */ = {isa = PBXFileReference; explicitFileType = wrapper.application; includeInIndex = 0; path = BabylonHealth.app; sourceTree = BUILT_PRODUCTS_DIR; };
		9C4DE366218860A800EBD16F /* AppDelegate.swift */ = {isa = PBXFileReference; lastKnownFileType = sourcecode.swift; path = AppDelegate.swift; sourceTree = "<group>"; };
		9C4DE36D218860A900EBD16F /* Assets.xcassets */ = {isa = PBXFileReference; lastKnownFileType = folder.assetcatalog; path = Assets.xcassets; sourceTree = "<group>"; };
		9C4DE370218860A900EBD16F /* Base */ = {isa = PBXFileReference; lastKnownFileType = file.storyboard; name = Base; path = Base.lproj/LaunchScreen.storyboard; sourceTree = "<group>"; };
		9C4DE372218860A900EBD16F /* Info.plist */ = {isa = PBXFileReference; lastKnownFileType = text.plist.xml; path = Info.plist; sourceTree = "<group>"; };
		9C4DE377218860A900EBD16F /* BabylonHealthTests.xctest */ = {isa = PBXFileReference; explicitFileType = wrapper.cfbundle; includeInIndex = 0; path = BabylonHealthTests.xctest; sourceTree = BUILT_PRODUCTS_DIR; };
		9C4DE37D218860A900EBD16F /* Info.plist */ = {isa = PBXFileReference; lastKnownFileType = text.plist.xml; path = Info.plist; sourceTree = "<group>"; };
		9C4DE386218862A600EBD16F /* LICENSE */ = {isa = PBXFileReference; lastKnownFileType = text; path = LICENSE; sourceTree = "<group>"; };
		9C4DE387218862A600EBD16F /* Cartfile */ = {isa = PBXFileReference; lastKnownFileType = text; path = Cartfile; sourceTree = "<group>"; };
		9C4DE388218862A600EBD16F /* README.md */ = {isa = PBXFileReference; lastKnownFileType = net.daringfireball.markdown; path = README.md; sourceTree = "<group>"; };
		9C4DE38A2188654400EBD16F /* JSONPlaceholderEndpoint.swift */ = {isa = PBXFileReference; fileEncoding = 4; lastKnownFileType = sourcecode.swift; path = JSONPlaceholderEndpoint.swift; sourceTree = "<group>"; };
		9C4DE38B2188654400EBD16F /* Networking.swift */ = {isa = PBXFileReference; fileEncoding = 4; lastKnownFileType = sourcecode.swift; path = Networking.swift; sourceTree = "<group>"; };
		9C4DE38C2188654400EBD16F /* NetworkingError.swift */ = {isa = PBXFileReference; fileEncoding = 4; lastKnownFileType = sourcecode.swift; path = NetworkingError.swift; sourceTree = "<group>"; };
		9C4DE3902188654400EBD16F /* Typealiases.swift */ = {isa = PBXFileReference; fileEncoding = 4; lastKnownFileType = sourcecode.swift; path = Typealiases.swift; sourceTree = "<group>"; };
		9C4DE397218867AA00EBD16F /* Identifier.swift */ = {isa = PBXFileReference; fileEncoding = 4; lastKnownFileType = sourcecode.swift; path = Identifier.swift; sourceTree = "<group>"; };
		9C4DE398218867AB00EBD16F /* ApiClient.swift */ = {isa = PBXFileReference; fileEncoding = 4; lastKnownFileType = sourcecode.swift; path = ApiClient.swift; sourceTree = "<group>"; };
		9C4DE39C2188683D00EBD16F /* Post.swift */ = {isa = PBXFileReference; lastKnownFileType = sourcecode.swift; path = Post.swift; sourceTree = "<group>"; };
		9C4DE39E2188687300EBD16F /* User.swift */ = {isa = PBXFileReference; lastKnownFileType = sourcecode.swift; path = User.swift; sourceTree = "<group>"; };
		9C4DE3A0218868B400EBD16F /* Comment.swift */ = {isa = PBXFileReference; lastKnownFileType = sourcecode.swift; path = Comment.swift; sourceTree = "<group>"; };
		9C4DE3A321886A5700EBD16F /* RxTest.framework */ = {isa = PBXFileReference; lastKnownFileType = wrapper.framework; name = RxTest.framework; path = Carthage/Build/iOS/RxTest.framework; sourceTree = "<group>"; };
		9C4DE3A421886A5700EBD16F /* CodableAlamofire.framework */ = {isa = PBXFileReference; lastKnownFileType = wrapper.framework; name = CodableAlamofire.framework; path = Carthage/Build/iOS/CodableAlamofire.framework; sourceTree = "<group>"; };
		9C4DE3A521886A5700EBD16F /* Differentiator.framework */ = {isa = PBXFileReference; lastKnownFileType = wrapper.framework; name = Differentiator.framework; path = Carthage/Build/iOS/Differentiator.framework; sourceTree = "<group>"; };
		9C4DE3A621886A5700EBD16F /* RxBlocking.framework */ = {isa = PBXFileReference; lastKnownFileType = wrapper.framework; name = RxBlocking.framework; path = Carthage/Build/iOS/RxBlocking.framework; sourceTree = "<group>"; };
		9C4DE3A721886A5700EBD16F /* RxSwift.framework */ = {isa = PBXFileReference; lastKnownFileType = wrapper.framework; name = RxSwift.framework; path = Carthage/Build/iOS/RxSwift.framework; sourceTree = "<group>"; };
		9C4DE3A821886A5700EBD16F /* RxDataSources.framework */ = {isa = PBXFileReference; lastKnownFileType = wrapper.framework; name = RxDataSources.framework; path = Carthage/Build/iOS/RxDataSources.framework; sourceTree = "<group>"; };
		9C4DE3A921886A5700EBD16F /* Alamofire.framework */ = {isa = PBXFileReference; lastKnownFileType = wrapper.framework; name = Alamofire.framework; path = Carthage/Build/iOS/Alamofire.framework; sourceTree = "<group>"; };
		9C4DE3AA21886A5800EBD16F /* RxCocoa.framework */ = {isa = PBXFileReference; lastKnownFileType = wrapper.framework; name = RxCocoa.framework; path = Carthage/Build/iOS/RxCocoa.framework; sourceTree = "<group>"; };
		9C4DE3B421886C2D00EBD16F /* PostDecodableTests.swift */ = {isa = PBXFileReference; lastKnownFileType = sourcecode.swift; path = PostDecodableTests.swift; sourceTree = "<group>"; };
		9C4DE3B621886C7100EBD16F /* UserDecodableTests.swift */ = {isa = PBXFileReference; lastKnownFileType = sourcecode.swift; path = UserDecodableTests.swift; sourceTree = "<group>"; };
		9C4DE3B821886C7E00EBD16F /* CommentDecodableTests.swift */ = {isa = PBXFileReference; lastKnownFileType = sourcecode.swift; path = CommentDecodableTests.swift; sourceTree = "<group>"; };
		9C4DE3BA2189A7CD00EBD16F /* ApiClientIntegrationTests.swift */ = {isa = PBXFileReference; lastKnownFileType = sourcecode.swift; path = ApiClientIntegrationTests.swift; sourceTree = "<group>"; };
		9CC8018E21BF0C13008511CF /* CaptionValueLabelPairView.swift */ = {isa = PBXFileReference; lastKnownFileType = sourcecode.swift; path = CaptionValueLabelPairView.swift; sourceTree = "<group>"; };
		9CC8019021BF0C6D008511CF /* CaptionValueLabelPairView.xib */ = {isa = PBXFileReference; lastKnownFileType = file.xib; path = CaptionValueLabelPairView.xib; sourceTree = "<group>"; };
		9CC8019221BF0E35008511CF /* UIFont+constants.swift */ = {isa = PBXFileReference; lastKnownFileType = sourcecode.swift; path = "UIFont+constants.swift"; sourceTree = "<group>"; };
		9CE0F75221B5762700C0F057 /* PostObject.swift */ = {isa = PBXFileReference; lastKnownFileType = sourcecode.swift; path = PostObject.swift; sourceTree = "<group>"; };
		9CE0F75421B5764800C0F057 /* Realm.framework */ = {isa = PBXFileReference; lastKnownFileType = wrapper.framework; name = Realm.framework; path = Carthage/Build/iOS/Realm.framework; sourceTree = "<group>"; };
		9CE0F75521B5764800C0F057 /* RxRealm.framework */ = {isa = PBXFileReference; lastKnownFileType = wrapper.framework; name = RxRealm.framework; path = Carthage/Build/iOS/RxRealm.framework; sourceTree = "<group>"; };
		9CE0F75621B5764800C0F057 /* RealmSwift.framework */ = {isa = PBXFileReference; lastKnownFileType = wrapper.framework; name = RealmSwift.framework; path = Carthage/Build/iOS/RealmSwift.framework; sourceTree = "<group>"; };
		9CE0F75B21B57CFF00C0F057 /* UserObject.swift */ = {isa = PBXFileReference; lastKnownFileType = sourcecode.swift; path = UserObject.swift; sourceTree = "<group>"; };
		9CE0F75D21B57DB300C0F057 /* CommentObject.swift */ = {isa = PBXFileReference; lastKnownFileType = sourcecode.swift; path = CommentObject.swift; sourceTree = "<group>"; };
		9CE0F75F21B841A300C0F057 /* RealmPersistantStorage.swift */ = {isa = PBXFileReference; lastKnownFileType = sourcecode.swift; path = RealmPersistantStorage.swift; sourceTree = "<group>"; };
		9CE0F76121B97AB500C0F057 /* PersistentObjectConvertible.swift */ = {isa = PBXFileReference; lastKnownFileType = sourcecode.swift; path = PersistentObjectConvertible.swift; sourceTree = "<group>"; };
		9CE0F76321B97D2000C0F057 /* ItemUpdateable.swift */ = {isa = PBXFileReference; lastKnownFileType = sourcecode.swift; path = ItemUpdateable.swift; sourceTree = "<group>"; };
/* End PBXFileReference section */

/* Begin PBXFrameworksBuildPhase section */
		9C4DE360218860A800EBD16F /* Frameworks */ = {
			isa = PBXFrameworksBuildPhase;
			buildActionMask = 2147483647;
			files = (
				9CE0F75721B5764800C0F057 /* Realm.framework in Frameworks */,
				9CE0F75821B5764800C0F057 /* RxRealm.framework in Frameworks */,
				9CE0F75921B5764800C0F057 /* RealmSwift.framework in Frameworks */,
				9C4DE3AC21886A5800EBD16F /* CodableAlamofire.framework in Frameworks */,
				9C4DE3AD21886A5800EBD16F /* Differentiator.framework in Frameworks */,
				9C4DE3AF21886A5800EBD16F /* RxSwift.framework in Frameworks */,
				9C4DE3B021886A5800EBD16F /* RxDataSources.framework in Frameworks */,
				9C4DE3B121886A5800EBD16F /* Alamofire.framework in Frameworks */,
				9C4DE3B221886A5800EBD16F /* RxCocoa.framework in Frameworks */,
			);
			runOnlyForDeploymentPostprocessing = 0;
		};
		9C4DE374218860A900EBD16F /* Frameworks */ = {
			isa = PBXFrameworksBuildPhase;
			buildActionMask = 2147483647;
			files = (
				9C4A263B2189AF1F009316C1 /* RxBlocking.framework in Frameworks */,
				9C4A263C2189AF1F009316C1 /* RxSwift.framework in Frameworks */,
				9C4A263D2189AF1F009316C1 /* RxTest.framework in Frameworks */,
			);
			runOnlyForDeploymentPostprocessing = 0;
		};
/* End PBXFrameworksBuildPhase section */

/* Begin PBXGroup section */
		9C4A26402189B472009316C1 /* Sample Responses */ = {
			isa = PBXGroup;
			children = (
				9C4A26432189B82A009316C1 /* comments.json */,
				9C4A263E2189B46A009316C1 /* posts.json */,
				9C4A26492189B9A0009316C1 /* users.json */,
			);
			path = "Sample Responses";
			sourceTree = "<group>";
		};
		9C4A264D218AEEF1009316C1 /* Scenes */ = {
			isa = PBXGroup;
			children = (
				9C4A264E218AEEFC009316C1 /* PostList */,
				9C4A2659218AEF88009316C1 /* PostDetail */,
				9C4A266A218AF387009316C1 /* MainFlowCoordinator.swift */,
			);
			path = Scenes;
			sourceTree = "<group>";
		};
		9C4A264E218AEEFC009316C1 /* PostList */ = {
			isa = PBXGroup;
			children = (
				9C4A264B218AEEE9009316C1 /* PostListViewController.swift */,
				9C4A264F218AEF22009316C1 /* PostListViewModel.swift */,
				9C4A2651218AEF3B009316C1 /* PostList.storyboard */,
			);
			path = PostList;
			sourceTree = "<group>";
		};
		9C4A2659218AEF88009316C1 /* PostDetail */ = {
			isa = PBXGroup;
			children = (
				9C4A2653218AEF72009316C1 /* PostDetailViewController.swift */,
				9C4A2655218AEF7A009316C1 /* PostDetailViewModel.swift */,
				9C4A2657218AEF83009316C1 /* PostDetail.storyboard */,
			);
			path = PostDetail;
			sourceTree = "<group>";
		};
		9C4A266F218AF4DC009316C1 /* Generated Code */ = {
			isa = PBXGroup;
			children = (
				9C4A266C218AF4DC009316C1 /* Assets.swift */,
				9C4A266D218AF4DC009316C1 /* Storyboard Scenes.swift */,
				9C4A266E218AF4DC009316C1 /* Storyboard Segues.swift */,
			);
			path = "Generated Code";
			sourceTree = "<group>";
		};
		9C4A2675218AFBA6009316C1 /* Protocols */ = {
			isa = PBXGroup;
			children = (
				9C4A2673218AFBA2009316C1 /* Dependencies.swift */,
				9CE0F76121B97AB500C0F057 /* PersistentObjectConvertible.swift */,
				9CE0F76321B97D2000C0F057 /* ItemUpdateable.swift */,
			);
			path = Protocols;
			sourceTree = "<group>";
		};
		9C4A267A218AFDF1009316C1 /* Views */ = {
			isa = PBXGroup;
			children = (
				9C4A267B218B002E009316C1 /* PostTableViewCellModel.swift */,
				9C4A2676218AFDEC009316C1 /* PostTableViewCell.swift */,
				9C4A2677218AFDEC009316C1 /* PostTableViewCell.xib */,
				9C4A267D218B2716009316C1 /* UIView+nibLoading.swift */,
				9C4A267F218B281A009316C1 /* UIView+fullSizeConstraints.swift */,
				9C4A2681218C4D9E009316C1 /* UIAlertController+makeAlert.swift */,
				9CC8018E21BF0C13008511CF /* CaptionValueLabelPairView.swift */,
				9CC8019021BF0C6D008511CF /* CaptionValueLabelPairView.xib */,
			);
			path = Views;
			sourceTree = "<group>";
		};
		9C4DE35A218860A800EBD16F = {
			isa = PBXGroup;
			children = (
				9C4DE388218862A600EBD16F /* README.md */,
				9C4DE387218862A600EBD16F /* Cartfile */,
				9C4DE386218862A600EBD16F /* LICENSE */,
				9C4DE365218860A800EBD16F /* BabylonHealth */,
				9C4DE37A218860A900EBD16F /* BabylonHealthTests */,
				9C4DE364218860A800EBD16F /* Products */,
				9C4DE3A221886A5700EBD16F /* Frameworks */,
			);
			sourceTree = "<group>";
		};
		9C4DE364218860A800EBD16F /* Products */ = {
			isa = PBXGroup;
			children = (
				9C4DE363218860A800EBD16F /* BabylonHealth.app */,
				9C4DE377218860A900EBD16F /* BabylonHealthTests.xctest */,
			);
			name = Products;
			sourceTree = "<group>";
		};
		9C4DE365218860A800EBD16F /* BabylonHealth */ = {
			isa = PBXGroup;
			children = (
				9C4A2675218AFBA6009316C1 /* Protocols */,
				9C4A266F218AF4DC009316C1 /* Generated Code */,
				9C4A264D218AEEF1009316C1 /* Scenes */,
				9C4A267A218AFDF1009316C1 /* Views */,
				9C4DE366218860A800EBD16F /* AppDelegate.swift */,
				9CC8019221BF0E35008511CF /* UIFont+constants.swift */,
				9C4DE36D218860A900EBD16F /* Assets.xcassets */,
				9C4DE36F218860A900EBD16F /* LaunchScreen.storyboard */,
				9C4DE372218860A900EBD16F /* Info.plist */,
				9C4DE39B218867B000EBD16F /* Model */,
				9C4DE3892188654400EBD16F /* Networking */,
				9C08475921BFC95D0085E0F0 /* RxActivityTracker.swift */,
			);
			path = BabylonHealth;
			sourceTree = "<group>";
		};
		9C4DE37A218860A900EBD16F /* BabylonHealthTests */ = {
			isa = PBXGroup;
			children = (
				9C4DE3BA2189A7CD00EBD16F /* ApiClientIntegrationTests.swift */,
				9C3BD21621A1E0FB00C0DA17 /* RealmPersistentStorageTests.swift */,
				9C4DE3B821886C7E00EBD16F /* CommentDecodableTests.swift */,
				9C4DE3B421886C2D00EBD16F /* PostDecodableTests.swift */,
				9C4DE3B621886C7100EBD16F /* UserDecodableTests.swift */,
				9C4A26412189B498009316C1 /* helpers.swift */,
				9C4DE37D218860A900EBD16F /* Info.plist */,
				9C4A26402189B472009316C1 /* Sample Responses */,
			);
			path = BabylonHealthTests;
			sourceTree = "<group>";
		};
		9C4DE3892188654400EBD16F /* Networking */ = {
			isa = PBXGroup;
			children = (
				9C4DE38A2188654400EBD16F /* JSONPlaceholderEndpoint.swift */,
				9C4DE38B2188654400EBD16F /* Networking.swift */,
				9C4DE38C2188654400EBD16F /* NetworkingError.swift */,
				9C4DE3902188654400EBD16F /* Typealiases.swift */,
			);
			path = Networking;
			sourceTree = "<group>";
		};
		9C4DE39B218867B000EBD16F /* Model */ = {
			isa = PBXGroup;
			children = (
				9C4DE398218867AB00EBD16F /* ApiClient.swift */,
				9CE0F75F21B841A300C0F057 /* RealmPersistantStorage.swift */,
				9C4A268D21919BF4009316C1 /* MockApiClient.swift */,
				9C4DE397218867AA00EBD16F /* Identifier.swift */,
				9C4DE39C2188683D00EBD16F /* Post.swift */,
				9C4DE39E2188687300EBD16F /* User.swift */,
				9C4DE3A0218868B400EBD16F /* Comment.swift */,
				9CE0F75A21B57B2900C0F057 /* Realm Objects */,
			);
			path = Model;
			sourceTree = "<group>";
		};
		9C4DE3A221886A5700EBD16F /* Frameworks */ = {
			isa = PBXGroup;
			children = (
				9CE0F75421B5764800C0F057 /* Realm.framework */,
				9CE0F75621B5764800C0F057 /* RealmSwift.framework */,
				9CE0F75521B5764800C0F057 /* RxRealm.framework */,
				9C4DE3A921886A5700EBD16F /* Alamofire.framework */,
				9C4DE3A421886A5700EBD16F /* CodableAlamofire.framework */,
				9C4DE3A521886A5700EBD16F /* Differentiator.framework */,
				9C4DE3A621886A5700EBD16F /* RxBlocking.framework */,
				9C4DE3AA21886A5800EBD16F /* RxCocoa.framework */,
				9C4DE3A821886A5700EBD16F /* RxDataSources.framework */,
				9C4DE3A721886A5700EBD16F /* RxSwift.framework */,
				9C4DE3A321886A5700EBD16F /* RxTest.framework */,
			);
			name = Frameworks;
			sourceTree = "<group>";
		};
		9CE0F75A21B57B2900C0F057 /* Realm Objects */ = {
			isa = PBXGroup;
			children = (
				9CE0F75221B5762700C0F057 /* PostObject.swift */,
				9CE0F75B21B57CFF00C0F057 /* UserObject.swift */,
				9CE0F75D21B57DB300C0F057 /* CommentObject.swift */,
			);
			path = "Realm Objects";
			sourceTree = "<group>";
		};
/* End PBXGroup section */

/* Begin PBXNativeTarget section */
		9C4DE362218860A800EBD16F /* BabylonHealth */ = {
			isa = PBXNativeTarget;
			buildConfigurationList = 9C4DE380218860A900EBD16F /* Build configuration list for PBXNativeTarget "BabylonHealth" */;
			buildPhases = (
				9C4DE35F218860A800EBD16F /* Sources */,
				9C4DE360218860A800EBD16F /* Frameworks */,
				9C4DE361218860A800EBD16F /* Resources */,
				9C4DE3B321886A7D00EBD16F /* Carthage */,
			);
			buildRules = (
			);
			dependencies = (
			);
			name = BabylonHealth;
			productName = BabylonHealth;
			productReference = 9C4DE363218860A800EBD16F /* BabylonHealth.app */;
			productType = "com.apple.product-type.application";
		};
		9C4DE376218860A900EBD16F /* BabylonHealthTests */ = {
			isa = PBXNativeTarget;
			buildConfigurationList = 9C4DE383218860A900EBD16F /* Build configuration list for PBXNativeTarget "BabylonHealthTests" */;
			buildPhases = (
				9C4DE373218860A900EBD16F /* Sources */,
				9C4DE374218860A900EBD16F /* Frameworks */,
				9C4DE375218860A900EBD16F /* Resources */,
				9C4A263A2189AEC7009316C1 /* Carthage */,
			);
			buildRules = (
			);
			dependencies = (
				9C4DE379218860A900EBD16F /* PBXTargetDependency */,
			);
			name = BabylonHealthTests;
			productName = BabylonHealthTests;
			productReference = 9C4DE377218860A900EBD16F /* BabylonHealthTests.xctest */;
			productType = "com.apple.product-type.bundle.unit-test";
		};
/* End PBXNativeTarget section */

/* Begin PBXProject section */
		9C4DE35B218860A800EBD16F /* Project object */ = {
			isa = PBXProject;
			attributes = {
				LastSwiftUpdateCheck = 1000;
				LastUpgradeCheck = 1000;
				ORGANIZATIONNAME = "Tom Kraina";
				TargetAttributes = {
					9C4DE362218860A800EBD16F = {
						CreatedOnToolsVersion = 10.0;
					};
					9C4DE376218860A900EBD16F = {
						CreatedOnToolsVersion = 10.0;
						TestTargetID = 9C4DE362218860A800EBD16F;
					};
				};
			};
			buildConfigurationList = 9C4DE35E218860A800EBD16F /* Build configuration list for PBXProject "BabylonHealth" */;
			compatibilityVersion = "Xcode 9.3";
			developmentRegion = en;
			hasScannedForEncodings = 0;
			knownRegions = (
				en,
				Base,
			);
			mainGroup = 9C4DE35A218860A800EBD16F;
			productRefGroup = 9C4DE364218860A800EBD16F /* Products */;
			projectDirPath = "";
			projectRoot = "";
			targets = (
				9C4DE362218860A800EBD16F /* BabylonHealth */,
				9C4DE376218860A900EBD16F /* BabylonHealthTests */,
			);
		};
/* End PBXProject section */

/* Begin PBXResourcesBuildPhase section */
		9C4DE361218860A800EBD16F /* Resources */ = {
			isa = PBXResourcesBuildPhase;
			buildActionMask = 2147483647;
			files = (
				9C4A2652218AEF3B009316C1 /* PostList.storyboard in Resources */,
				9C4A2679218AFDEC009316C1 /* PostTableViewCell.xib in Resources */,
				9C4DE371218860A900EBD16F /* LaunchScreen.storyboard in Resources */,
				9C4DE36E218860A900EBD16F /* Assets.xcassets in Resources */,
				9CC8019121BF0C6D008511CF /* CaptionValueLabelPairView.xib in Resources */,
				9C4A2658218AEF83009316C1 /* PostDetail.storyboard in Resources */,
			);
			runOnlyForDeploymentPostprocessing = 0;
		};
		9C4DE375218860A900EBD16F /* Resources */ = {
			isa = PBXResourcesBuildPhase;
			buildActionMask = 2147483647;
			files = (
				9C4A264A2189B9A0009316C1 /* users.json in Resources */,
				9C4A263F2189B46A009316C1 /* posts.json in Resources */,
				9C4A26442189B82A009316C1 /* comments.json in Resources */,
			);
			runOnlyForDeploymentPostprocessing = 0;
		};
/* End PBXResourcesBuildPhase section */

/* Begin PBXShellScriptBuildPhase section */
		9C4A263A2189AEC7009316C1 /* Carthage */ = {
			isa = PBXShellScriptBuildPhase;
			buildActionMask = 2147483647;
			files = (
			);
			inputFileListPaths = (
			);
			inputPaths = (
				"$(SRCROOT)/Carthage/Build/iOS/RxBlocking.framework",
				"$(SRCROOT)/Carthage/Build/iOS/RxSwift.framework",
				"$(SRCROOT)/Carthage/Build/iOS/RxTest.framework",
			);
			name = Carthage;
			outputFileListPaths = (
			);
			outputPaths = (
				"$(BUILT_PRODUCTS_DIR)/$(FRAMEWORKS_FOLDER_PATH)/RxBlocking.framework",
				"$(BUILT_PRODUCTS_DIR)/$(FRAMEWORKS_FOLDER_PATH)/RxSwift.framework",
				"$(BUILT_PRODUCTS_DIR)/$(FRAMEWORKS_FOLDER_PATH)/RxTest.framework",
			);
			runOnlyForDeploymentPostprocessing = 0;
			shellPath = /bin/sh;
			shellScript = "/usr/local/bin/carthage copy-frameworks\n";
		};
		9C4DE3B321886A7D00EBD16F /* Carthage */ = {
			isa = PBXShellScriptBuildPhase;
			buildActionMask = 2147483647;
			files = (
			);
			inputFileListPaths = (
				"$(SRCROOT)/Carthage/xcfilelists/BabylonHealth-inputPaths.xcfilelist",
			);
			inputPaths = (
			);
			name = Carthage;
			outputFileListPaths = (
				"$(SRCROOT)/Carthage/xcfilelists/BabylonHealth-outputPaths.xcfilelist",
			);
			outputPaths = (
			);
			runOnlyForDeploymentPostprocessing = 0;
			shellPath = /bin/sh;
			shellScript = "/usr/local/bin/carthage copy-frameworks\n";
		};
/* End PBXShellScriptBuildPhase section */

/* Begin PBXSourcesBuildPhase section */
		9C4DE35F218860A800EBD16F /* Sources */ = {
			isa = PBXSourcesBuildPhase;
			buildActionMask = 2147483647;
			files = (
				9C4A2680218B281A009316C1 /* UIView+fullSizeConstraints.swift in Sources */,
				9C4A2674218AFBA2009316C1 /* Dependencies.swift in Sources */,
				9C4DE3962188654400EBD16F /* Typealiases.swift in Sources */,
				9C4A268E21919BF4009316C1 /* MockApiClient.swift in Sources */,
				9C4A2654218AEF72009316C1 /* PostDetailViewController.swift in Sources */,
				9C4DE39D2188683D00EBD16F /* Post.swift in Sources */,
				9C4DE399218867AB00EBD16F /* Identifier.swift in Sources */,
				9C4A267E218B2716009316C1 /* UIView+nibLoading.swift in Sources */,
				9C4A2672218AF555009316C1 /* Storyboard Segues.swift in Sources */,
				9C4A266B218AF387009316C1 /* MainFlowCoordinator.swift in Sources */,
				9C4A2678218AFDEC009316C1 /* PostTableViewCell.swift in Sources */,
				9C4A2670218AF555009316C1 /* Assets.swift in Sources */,
				9CE0F75C21B57CFF00C0F057 /* UserObject.swift in Sources */,
				9CC8018F21BF0C13008511CF /* CaptionValueLabelPairView.swift in Sources */,
				9C4A264C218AEEE9009316C1 /* PostListViewController.swift in Sources */,
				9CE0F75321B5762700C0F057 /* PostObject.swift in Sources */,
				9C08475A21BFC95D0085E0F0 /* RxActivityTracker.swift in Sources */,
				9C4DE3912188654400EBD16F /* JSONPlaceholderEndpoint.swift in Sources */,
				9C4A2682218C4D9E009316C1 /* UIAlertController+makeAlert.swift in Sources */,
				9C4DE367218860A800EBD16F /* AppDelegate.swift in Sources */,
				9CE0F76221B97AB500C0F057 /* PersistentObjectConvertible.swift in Sources */,
				9C4A2650218AEF22009316C1 /* PostListViewModel.swift in Sources */,
				9CE0F76421B97D2000C0F057 /* ItemUpdateable.swift in Sources */,
				9C4A267C218B002E009316C1 /* PostTableViewCellModel.swift in Sources */,
				9C4DE3922188654400EBD16F /* Networking.swift in Sources */,
				9C4DE3A1218868B400EBD16F /* Comment.swift in Sources */,
				9CC8019321BF0E35008511CF /* UIFont+constants.swift in Sources */,
				9CE0F76021B841A300C0F057 /* RealmPersistantStorage.swift in Sources */,
				9C4DE39F2188687300EBD16F /* User.swift in Sources */,
				9CE0F75E21B57DB300C0F057 /* CommentObject.swift in Sources */,
				9C4A2671218AF555009316C1 /* Storyboard Scenes.swift in Sources */,
				9C4DE3932188654400EBD16F /* NetworkingError.swift in Sources */,
				9C4DE39A218867AB00EBD16F /* ApiClient.swift in Sources */,
				9C4A2656218AEF7A009316C1 /* PostDetailViewModel.swift in Sources */,
			);
			runOnlyForDeploymentPostprocessing = 0;
		};
		9C4DE373218860A900EBD16F /* Sources */ = {
			isa = PBXSourcesBuildPhase;
			buildActionMask = 2147483647;
			files = (
				9C4DE3B721886C7100EBD16F /* UserDecodableTests.swift in Sources */,
				9C4DE3B521886C2D00EBD16F /* PostDecodableTests.swift in Sources */,
				9C4DE3BB2189A7CD00EBD16F /* ApiClientIntegrationTests.swift in Sources */,
				9C4DE3B921886C7E00EBD16F /* CommentDecodableTests.swift in Sources */,
				9C4A26422189B498009316C1 /* helpers.swift in Sources */,
				9C3BD21721A1E0FB00C0DA17 /* RealmPersistentStorageTests.swift in Sources */,
			);
			runOnlyForDeploymentPostprocessing = 0;
		};
/* End PBXSourcesBuildPhase section */

/* Begin PBXTargetDependency section */
		9C4DE379218860A900EBD16F /* PBXTargetDependency */ = {
			isa = PBXTargetDependency;
			target = 9C4DE362218860A800EBD16F /* BabylonHealth */;
			targetProxy = 9C4DE378218860A900EBD16F /* PBXContainerItemProxy */;
		};
/* End PBXTargetDependency section */

/* Begin PBXVariantGroup section */
		9C4DE36F218860A900EBD16F /* LaunchScreen.storyboard */ = {
			isa = PBXVariantGroup;
			children = (
				9C4DE370218860A900EBD16F /* Base */,
			);
			name = LaunchScreen.storyboard;
			sourceTree = "<group>";
		};
/* End PBXVariantGroup section */

/* Begin XCBuildConfiguration section */
		9C4DE37E218860A900EBD16F /* Debug */ = {
			isa = XCBuildConfiguration;
			buildSettings = {
				ALWAYS_SEARCH_USER_PATHS = NO;
				CLANG_ANALYZER_NONNULL = YES;
				CLANG_ANALYZER_NUMBER_OBJECT_CONVERSION = YES_AGGRESSIVE;
				CLANG_CXX_LANGUAGE_STANDARD = "gnu++14";
				CLANG_CXX_LIBRARY = "libc++";
				CLANG_ENABLE_MODULES = YES;
				CLANG_ENABLE_OBJC_ARC = YES;
				CLANG_ENABLE_OBJC_WEAK = YES;
				CLANG_WARN_BLOCK_CAPTURE_AUTORELEASING = YES;
				CLANG_WARN_BOOL_CONVERSION = YES;
				CLANG_WARN_COMMA = YES;
				CLANG_WARN_CONSTANT_CONVERSION = YES;
				CLANG_WARN_DEPRECATED_OBJC_IMPLEMENTATIONS = YES;
				CLANG_WARN_DIRECT_OBJC_ISA_USAGE = YES_ERROR;
				CLANG_WARN_DOCUMENTATION_COMMENTS = YES;
				CLANG_WARN_EMPTY_BODY = YES;
				CLANG_WARN_ENUM_CONVERSION = YES;
				CLANG_WARN_INFINITE_RECURSION = YES;
				CLANG_WARN_INT_CONVERSION = YES;
				CLANG_WARN_NON_LITERAL_NULL_CONVERSION = YES;
				CLANG_WARN_OBJC_IMPLICIT_RETAIN_SELF = YES;
				CLANG_WARN_OBJC_LITERAL_CONVERSION = YES;
				CLANG_WARN_OBJC_ROOT_CLASS = YES_ERROR;
				CLANG_WARN_RANGE_LOOP_ANALYSIS = YES;
				CLANG_WARN_STRICT_PROTOTYPES = YES;
				CLANG_WARN_SUSPICIOUS_MOVE = YES;
				CLANG_WARN_UNGUARDED_AVAILABILITY = YES_AGGRESSIVE;
				CLANG_WARN_UNREACHABLE_CODE = YES;
				CLANG_WARN__DUPLICATE_METHOD_MATCH = YES;
				CODE_SIGN_IDENTITY = "iPhone Developer";
				COPY_PHASE_STRIP = NO;
				DEBUG_INFORMATION_FORMAT = dwarf;
				ENABLE_STRICT_OBJC_MSGSEND = YES;
				ENABLE_TESTABILITY = YES;
				GCC_C_LANGUAGE_STANDARD = gnu11;
				GCC_DYNAMIC_NO_PIC = NO;
				GCC_NO_COMMON_BLOCKS = YES;
				GCC_OPTIMIZATION_LEVEL = 0;
				GCC_PREPROCESSOR_DEFINITIONS = (
					"DEBUG=1",
					"$(inherited)",
				);
				GCC_WARN_64_TO_32_BIT_CONVERSION = YES;
				GCC_WARN_ABOUT_RETURN_TYPE = YES_ERROR;
				GCC_WARN_UNDECLARED_SELECTOR = YES;
				GCC_WARN_UNINITIALIZED_AUTOS = YES_AGGRESSIVE;
				GCC_WARN_UNUSED_FUNCTION = YES;
				GCC_WARN_UNUSED_VARIABLE = YES;
				IPHONEOS_DEPLOYMENT_TARGET = 12.0;
				MTL_ENABLE_DEBUG_INFO = INCLUDE_SOURCE;
				MTL_FAST_MATH = YES;
				ONLY_ACTIVE_ARCH = YES;
				SDKROOT = iphoneos;
				SWIFT_ACTIVE_COMPILATION_CONDITIONS = DEBUG;
				SWIFT_OPTIMIZATION_LEVEL = "-Onone";
			};
			name = Debug;
		};
		9C4DE37F218860A900EBD16F /* Release */ = {
			isa = XCBuildConfiguration;
			buildSettings = {
				ALWAYS_SEARCH_USER_PATHS = NO;
				CLANG_ANALYZER_NONNULL = YES;
				CLANG_ANALYZER_NUMBER_OBJECT_CONVERSION = YES_AGGRESSIVE;
				CLANG_CXX_LANGUAGE_STANDARD = "gnu++14";
				CLANG_CXX_LIBRARY = "libc++";
				CLANG_ENABLE_MODULES = YES;
				CLANG_ENABLE_OBJC_ARC = YES;
				CLANG_ENABLE_OBJC_WEAK = YES;
				CLANG_WARN_BLOCK_CAPTURE_AUTORELEASING = YES;
				CLANG_WARN_BOOL_CONVERSION = YES;
				CLANG_WARN_COMMA = YES;
				CLANG_WARN_CONSTANT_CONVERSION = YES;
				CLANG_WARN_DEPRECATED_OBJC_IMPLEMENTATIONS = YES;
				CLANG_WARN_DIRECT_OBJC_ISA_USAGE = YES_ERROR;
				CLANG_WARN_DOCUMENTATION_COMMENTS = YES;
				CLANG_WARN_EMPTY_BODY = YES;
				CLANG_WARN_ENUM_CONVERSION = YES;
				CLANG_WARN_INFINITE_RECURSION = YES;
				CLANG_WARN_INT_CONVERSION = YES;
				CLANG_WARN_NON_LITERAL_NULL_CONVERSION = YES;
				CLANG_WARN_OBJC_IMPLICIT_RETAIN_SELF = YES;
				CLANG_WARN_OBJC_LITERAL_CONVERSION = YES;
				CLANG_WARN_OBJC_ROOT_CLASS = YES_ERROR;
				CLANG_WARN_RANGE_LOOP_ANALYSIS = YES;
				CLANG_WARN_STRICT_PROTOTYPES = YES;
				CLANG_WARN_SUSPICIOUS_MOVE = YES;
				CLANG_WARN_UNGUARDED_AVAILABILITY = YES_AGGRESSIVE;
				CLANG_WARN_UNREACHABLE_CODE = YES;
				CLANG_WARN__DUPLICATE_METHOD_MATCH = YES;
				CODE_SIGN_IDENTITY = "iPhone Developer";
				COPY_PHASE_STRIP = NO;
				DEBUG_INFORMATION_FORMAT = "dwarf-with-dsym";
				ENABLE_NS_ASSERTIONS = NO;
				ENABLE_STRICT_OBJC_MSGSEND = YES;
				GCC_C_LANGUAGE_STANDARD = gnu11;
				GCC_NO_COMMON_BLOCKS = YES;
				GCC_WARN_64_TO_32_BIT_CONVERSION = YES;
				GCC_WARN_ABOUT_RETURN_TYPE = YES_ERROR;
				GCC_WARN_UNDECLARED_SELECTOR = YES;
				GCC_WARN_UNINITIALIZED_AUTOS = YES_AGGRESSIVE;
				GCC_WARN_UNUSED_FUNCTION = YES;
				GCC_WARN_UNUSED_VARIABLE = YES;
				IPHONEOS_DEPLOYMENT_TARGET = 12.0;
				MTL_ENABLE_DEBUG_INFO = NO;
				MTL_FAST_MATH = YES;
				SDKROOT = iphoneos;
				SWIFT_COMPILATION_MODE = wholemodule;
				SWIFT_OPTIMIZATION_LEVEL = "-O";
				VALIDATE_PRODUCT = YES;
			};
			name = Release;
		};
		9C4DE381218860A900EBD16F /* Debug */ = {
			isa = XCBuildConfiguration;
			buildSettings = {
				ASSETCATALOG_COMPILER_APPICON_NAME = AppIcon;
				CODE_SIGN_STYLE = Manual;
				DEVELOPMENT_TEAM = "";
				FRAMEWORK_SEARCH_PATHS = (
					"$(inherited)",
					"$(PROJECT_DIR)/Carthage/Build/iOS",
				);
				INFOPLIST_FILE = BabylonHealth/Info.plist;
				LD_RUNPATH_SEARCH_PATHS = (
					"$(inherited)",
					"@executable_path/Frameworks",
				);
				PRODUCT_BUNDLE_IDENTIFIER = com.tomkraina.BabylonHealth;
				PRODUCT_NAME = "$(TARGET_NAME)";
				PROVISIONING_PROFILE_SPECIFIER = "";
				SWIFT_VERSION = 4.2;
				TARGETED_DEVICE_FAMILY = "1,2";
			};
			name = Debug;
		};
		9C4DE382218860A900EBD16F /* Release */ = {
			isa = XCBuildConfiguration;
			buildSettings = {
				ASSETCATALOG_COMPILER_APPICON_NAME = AppIcon;
				CODE_SIGN_STYLE = Manual;
				DEVELOPMENT_TEAM = "";
				FRAMEWORK_SEARCH_PATHS = (
					"$(inherited)",
					"$(PROJECT_DIR)/Carthage/Build/iOS",
				);
				INFOPLIST_FILE = BabylonHealth/Info.plist;
				LD_RUNPATH_SEARCH_PATHS = (
					"$(inherited)",
					"@executable_path/Frameworks",
				);
				PRODUCT_BUNDLE_IDENTIFIER = com.tomkraina.BabylonHealth;
				PRODUCT_NAME = "$(TARGET_NAME)";
				PROVISIONING_PROFILE_SPECIFIER = "";
				SWIFT_VERSION = 4.2;
				TARGETED_DEVICE_FAMILY = "1,2";
			};
			name = Release;
		};
		9C4DE384218860A900EBD16F /* Debug */ = {
			isa = XCBuildConfiguration;
			buildSettings = {
				ALWAYS_EMBED_SWIFT_STANDARD_LIBRARIES = YES;
				BUNDLE_LOADER = "$(TEST_HOST)";
				CODE_SIGN_STYLE = Manual;
				DEVELOPMENT_TEAM = "";
				FRAMEWORK_SEARCH_PATHS = (
					"$(inherited)",
					"$(PROJECT_DIR)/Carthage/Build/iOS",
				);
				INFOPLIST_FILE = BabylonHealthTests/Info.plist;
				LD_RUNPATH_SEARCH_PATHS = (
					"$(inherited)",
					"@executable_path/Frameworks",
					"@loader_path/Frameworks",
				);
				PRODUCT_BUNDLE_IDENTIFIER = com.tomkraina.BabylonHealthTests;
				PRODUCT_NAME = "$(TARGET_NAME)";
				PROVISIONING_PROFILE_SPECIFIER = "";
				SWIFT_VERSION = 4.2;
				TARGETED_DEVICE_FAMILY = "1,2";
				TEST_HOST = "$(BUILT_PRODUCTS_DIR)/BabylonHealth.app/BabylonHealth";
			};
			name = Debug;
		};
		9C4DE385218860A900EBD16F /* Release */ = {
			isa = XCBuildConfiguration;
			buildSettings = {
				ALWAYS_EMBED_SWIFT_STANDARD_LIBRARIES = YES;
				BUNDLE_LOADER = "$(TEST_HOST)";
				CODE_SIGN_STYLE = Manual;
				DEVELOPMENT_TEAM = "";
				FRAMEWORK_SEARCH_PATHS = (
					"$(inherited)",
					"$(PROJECT_DIR)/Carthage/Build/iOS",
				);
				INFOPLIST_FILE = BabylonHealthTests/Info.plist;
				LD_RUNPATH_SEARCH_PATHS = (
					"$(inherited)",
					"@executable_path/Frameworks",
					"@loader_path/Frameworks",
				);
				PRODUCT_BUNDLE_IDENTIFIER = com.tomkraina.BabylonHealthTests;
				PRODUCT_NAME = "$(TARGET_NAME)";
				PROVISIONING_PROFILE_SPECIFIER = "";
				SWIFT_VERSION = 4.2;
				TARGETED_DEVICE_FAMILY = "1,2";
				TEST_HOST = "$(BUILT_PRODUCTS_DIR)/BabylonHealth.app/BabylonHealth";
			};
			name = Release;
		};
/* End XCBuildConfiguration section */

/* Begin XCConfigurationList section */
		9C4DE35E218860A800EBD16F /* Build configuration list for PBXProject "BabylonHealth" */ = {
			isa = XCConfigurationList;
			buildConfigurations = (
				9C4DE37E218860A900EBD16F /* Debug */,
				9C4DE37F218860A900EBD16F /* Release */,
			);
			defaultConfigurationIsVisible = 0;
			defaultConfigurationName = Release;
		};
		9C4DE380218860A900EBD16F /* Build configuration list for PBXNativeTarget "BabylonHealth" */ = {
			isa = XCConfigurationList;
			buildConfigurations = (
				9C4DE381218860A900EBD16F /* Debug */,
				9C4DE382218860A900EBD16F /* Release */,
			);
			defaultConfigurationIsVisible = 0;
			defaultConfigurationName = Release;
		};
		9C4DE383218860A900EBD16F /* Build configuration list for PBXNativeTarget "BabylonHealthTests" */ = {
			isa = XCConfigurationList;
			buildConfigurations = (
				9C4DE384218860A900EBD16F /* Debug */,
				9C4DE385218860A900EBD16F /* Release */,
			);
			defaultConfigurationIsVisible = 0;
			defaultConfigurationName = Release;
		};
/* End XCConfigurationList section */
	};
	rootObject = 9C4DE35B218860A800EBD16F /* Project object */;
}
